
Microsoft Visual Studio Solution File, Format Version 12.00
Project("{FAE04EC0-301F-11D3-BF4B-00C04F79EFBC}") = "The Prototype", "The Prototype.csproj", "{14DD2053-9031-4870-B5E6-E7B4DFDB641C}"
EndProject
Global
	GlobalSection(SolutionConfigurationPlatforms) = preSolution
		Debug|Any CPU = Debug|Any CPU
		Release|Any CPU = Release|Any CPU
	EndGlobalSection
	GlobalSection(ProjectConfigurationPlatforms) = postSolution
		{14DD2053-9031-4870-B5E6-E7B4DFDB641C}.Debug|Any CPU.ActiveCfg = Debug|Any CPU
		{14DD2053-9031-4870-B5E6-E7B4DFDB641C}.Debug|Any CPU.Build.0 = Debug|Any CPU
		{14DD2053-9031-4870-B5E6-E7B4DFDB641C}.Release|Any CPU.ActiveCfg = Release|Any CPU
		{14DD2053-9031-4870-B5E6-E7B4DFDB641C}.Release|Any CPU.Build.0 = Release|Any CPU
	EndGlobalSection
EndGlobal
